// !$*UTF8*$!
{
	archiveVersion = 1;
	classes = {
	};
	objectVersion = 56;
	objects = {

/* Begin PBXBuildFile section */
		F95998EF2AB0155E003F48DD /* AppDelegate.swift in Sources */ = {isa = PBXBuildFile; fileRef = F95998EE2AB0155E003F48DD /* AppDelegate.swift */; };
		F95998F12AB0155E003F48DD /* SceneDelegate.swift in Sources */ = {isa = PBXBuildFile; fileRef = F95998F02AB0155E003F48DD /* SceneDelegate.swift */; };
		F95998F32AB0155E003F48DD /* ViewController.swift in Sources */ = {isa = PBXBuildFile; fileRef = F95998F22AB0155E003F48DD /* ViewController.swift */; };
		F95998F62AB0155E003F48DD /* Main.storyboard in Resources */ = {isa = PBXBuildFile; fileRef = F95998F42AB0155E003F48DD /* Main.storyboard */; };
		F95998F82AB0155F003F48DD /* Assets.xcassets in Resources */ = {isa = PBXBuildFile; fileRef = F95998F72AB0155F003F48DD /* Assets.xcassets */; };
		F95998FB2AB0155F003F48DD /* LaunchScreen.storyboard in Resources */ = {isa = PBXBuildFile; fileRef = F95998F92AB0155F003F48DD /* LaunchScreen.storyboard */; };
		F95999042AB086BE003F48DD /* CoinManager.swift in Sources */ = {isa = PBXBuildFile; fileRef = F95999032AB086BE003F48DD /* CoinManager.swift */; };
		F95999062AB17194003F48DD /* CoinValue.swift in Sources */ = {isa = PBXBuildFile; fileRef = F95999052AB17194003F48DD /* CoinValue.swift */; };
		F959990A2AB17350003F48DD /* CoinData.swift in Sources */ = {isa = PBXBuildFile; fileRef = F95999092AB17350003F48DD /* CoinData.swift */; };
/* End PBXBuildFile section */

/* Begin PBXFileReference section */
		F95998EB2AB0155E003F48DD /* ByteCoinPractice.app */ = {isa = PBXFileReference; explicitFileType = wrapper.application; includeInIndex = 0; path = ByteCoinPractice.app; sourceTree = BUILT_PRODUCTS_DIR; };
		F95998EE2AB0155E003F48DD /* AppDelegate.swift */ = {isa = PBXFileReference; lastKnownFileType = sourcecode.swift; path = AppDelegate.swift; sourceTree = "<group>"; };
		F95998F02AB0155E003F48DD /* SceneDelegate.swift */ = {isa = PBXFileReference; lastKnownFileType = sourcecode.swift; path = SceneDelegate.swift; sourceTree = "<group>"; };
		F95998F22AB0155E003F48DD /* ViewController.swift */ = {isa = PBXFileReference; lastKnownFileType = sourcecode.swift; path = ViewController.swift; sourceTree = "<group>"; };
		F95998F52AB0155E003F48DD /* Base */ = {isa = PBXFileReference; lastKnownFileType = file.storyboard; name = Base; path = Base.lproj/Main.storyboard; sourceTree = "<group>"; };
		F95998F72AB0155F003F48DD /* Assets.xcassets */ = {isa = PBXFileReference; lastKnownFileType = folder.assetcatalog; path = Assets.xcassets; sourceTree = "<group>"; };
		F95998FA2AB0155F003F48DD /* Base */ = {isa = PBXFileReference; lastKnownFileType = file.storyboard; name = Base; path = Base.lproj/LaunchScreen.storyboard; sourceTree = "<group>"; };
		F95998FC2AB0155F003F48DD /* Info.plist */ = {isa = PBXFileReference; lastKnownFileType = text.plist.xml; path = Info.plist; sourceTree = "<group>"; };
		F95999032AB086BE003F48DD /* CoinManager.swift */ = {isa = PBXFileReference; lastKnownFileType = sourcecode.swift; path = CoinManager.swift; sourceTree = "<group>"; };
		F95999052AB17194003F48DD /* CoinValue.swift */ = {isa = PBXFileReference; lastKnownFileType = sourcecode.swift; path = CoinValue.swift; sourceTree = "<group>"; };
		F95999092AB17350003F48DD /* CoinData.swift */ = {isa = PBXFileReference; lastKnownFileType = sourcecode.swift; path = CoinData.swift; sourceTree = "<group>"; };
/* End PBXFileReference section */

/* Begin PBXFrameworksBuildPhase section */
		F95998E82AB0155E003F48DD /* Frameworks */ = {
			isa = PBXFrameworksBuildPhase;
			buildActionMask = 2147483647;
			files = (
			);
			runOnlyForDeploymentPostprocessing = 0;
		};
/* End PBXFrameworksBuildPhase section */

/* Begin PBXGroup section */
		F95998E22AB0155E003F48DD = {
			isa = PBXGroup;
			children = (
				F95998ED2AB0155E003F48DD /* ByteCoinPractice */,
				F95998EC2AB0155E003F48DD /* Products */,
			);
			sourceTree = "<group>";
		};
		F95998EC2AB0155E003F48DD /* Products */ = {
			isa = PBXGroup;
			children = (
				F95998EB2AB0155E003F48DD /* ByteCoinPractice.app */,
			);
			name = Products;
			sourceTree = "<group>";
		};
		F95998ED2AB0155E003F48DD /* ByteCoinPractice */ = {
			isa = PBXGroup;
			children = (
				F95999022AB086AC003F48DD /* Model */,
				F95999082AB172A8003F48DD /* View */,
				F95999072AB1729E003F48DD /* Controller */,
				F95998EE2AB0155E003F48DD /* AppDelegate.swift */,
				F95998F02AB0155E003F48DD /* SceneDelegate.swift */,
				F95998F72AB0155F003F48DD /* Assets.xcassets */,
				F95998F92AB0155F003F48DD /* LaunchScreen.storyboard */,
				F95998FC2AB0155F003F48DD /* Info.plist */,
			);
			path = ByteCoinPractice;
			sourceTree = "<group>";
		};
		F95999022AB086AC003F48DD /* Model */ = {
			isa = PBXGroup;
			children = (
				F95999052AB17194003F48DD /* CoinValue.swift */,
				F95999092AB17350003F48DD /* CoinData.swift */,
				F95999032AB086BE003F48DD /* CoinManager.swift */,
			);
			path = Model;
			sourceTree = "<group>";
		};
		F95999072AB1729E003F48DD /* Controller */ = {
			isa = PBXGroup;
			children = (
				F95998F22AB0155E003F48DD /* ViewController.swift */,
			);
			path = Controller;
			sourceTree = "<group>";
		};
		F95999082AB172A8003F48DD /* View */ = {
			isa = PBXGroup;
			children = (
				F95998F42AB0155E003F48DD /* Main.storyboard */,
			);
			path = View;
			sourceTree = "<group>";
		};
/* End PBXGroup section */

/* Begin PBXNativeTarget section */
		F95998EA2AB0155E003F48DD /* ByteCoinPractice */ = {
			isa = PBXNativeTarget;
			buildConfigurationList = F95998FF2AB0155F003F48DD /* Build configuration list for PBXNativeTarget "ByteCoinPractice" */;
			buildPhases = (
				F95998E72AB0155E003F48DD /* Sources */,
				F95998E82AB0155E003F48DD /* Frameworks */,
				F95998E92AB0155E003F48DD /* Resources */,
			);
			buildRules = (
			);
			dependencies = (
			);
			name = ByteCoinPractice;
			productName = ByteCoinPractice;
			productReference = F95998EB2AB0155E003F48DD /* ByteCoinPractice.app */;
			productType = "com.apple.product-type.application";
		};
/* End PBXNativeTarget section */

/* Begin PBXProject section */
		F95998E32AB0155E003F48DD /* Project object */ = {
			isa = PBXProject;
			attributes = {
				BuildIndependentTargetsInParallel = 1;
				LastSwiftUpdateCheck = 1430;
				LastUpgradeCheck = 1430;
				TargetAttributes = {
					F95998EA2AB0155E003F48DD = {
						CreatedOnToolsVersion = 14.3.1;
					};
				};
			};
			buildConfigurationList = F95998E62AB0155E003F48DD /* Build configuration list for PBXProject "ByteCoinPractice" */;
			compatibilityVersion = "Xcode 14.0";
			developmentRegion = en;
			hasScannedForEncodings = 0;
			knownRegions = (
				en,
				Base,
			);
			mainGroup = F95998E22AB0155E003F48DD;
			productRefGroup = F95998EC2AB0155E003F48DD /* Products */;
			projectDirPath = "";
			projectRoot = "";
			targets = (
				F95998EA2AB0155E003F48DD /* ByteCoinPractice */,
			);
		};
/* End PBXProject section */

/* Begin PBXResourcesBuildPhase section */
		F95998E92AB0155E003F48DD /* Resources */ = {
			isa = PBXResourcesBuildPhase;
			buildActionMask = 2147483647;
			files = (
				F95998FB2AB0155F003F48DD /* LaunchScreen.storyboard in Resources */,
				F95998F82AB0155F003F48DD /* Assets.xcassets in Resources */,
				F95998F62AB0155E003F48DD /* Main.storyboard in Resources */,
			);
			runOnlyForDeploymentPostprocessing = 0;
		};
/* End PBXResourcesBuildPhase section */

/* Begin PBXSourcesBuildPhase section */
		F95998E72AB0155E003F48DD /* Sources */ = {
			isa = PBXSourcesBuildPhase;
			buildActionMask = 2147483647;
			files = (
				F959990A2AB17350003F48DD /* CoinData.swift in Sources */,
				F95999042AB086BE003F48DD /* CoinManager.swift in Sources */,
				F95998F32AB0155E003F48DD /* ViewController.swift in Sources */,
				F95998EF2AB0155E003F48DD /* AppDelegate.swift in Sources */,
				F95998F12AB0155E003F48DD /* SceneDelegate.swift in Sources */,
				F95999062AB17194003F48DD /* CoinValue.swift in Sources */,
			);
			runOnlyForDeploymentPostprocessing = 0;
		};
/* End PBXSourcesBuildPhase section */

/* Begin PBXVariantGroup section */
		F95998F42AB0155E003F48DD /* Main.storyboard */ = {
			isa = PBXVariantGroup;
			children = (
				F95998F52AB0155E003F48DD /* Base */,
			);
			name = Main.storyboard;
			sourceTree = "<group>";
		};
		F95998F92AB0155F003F48DD /* LaunchScreen.storyboard */ = {
			isa = PBXVariantGroup;
			children = (
				F95998FA2AB0155F003F48DD /* Base */,
			);
			name = LaunchScreen.storyboard;
			sourceTree = "<group>";
		};
/* End PBXVariantGroup section */

/* Begin XCBuildConfiguration section */
		F95998FD2AB0155F003F48DD /* Debug */ = {
			isa = XCBuildConfiguration;
			buildSettings = {
				ALWAYS_SEARCH_USER_PATHS = NO;
				CLANG_ANALYZER_NONNULL = YES;
				CLANG_ANALYZER_NUMBER_OBJECT_CONVERSION = YES_AGGRESSIVE;
				CLANG_CXX_LANGUAGE_STANDARD = "gnu++20";
				CLANG_ENABLE_MODULES = YES;
				CLANG_ENABLE_OBJC_ARC = YES;
				CLANG_ENABLE_OBJC_WEAK = YES;
				CLANG_WARN_BLOCK_CAPTURE_AUTORELEASING = YES;
				CLANG_WARN_BOOL_CONVERSION = YES;
				CLANG_WARN_COMMA = YES;
				CLANG_WARN_CONSTANT_CONVERSION = YES;
				CLANG_WARN_DEPRECATED_OBJC_IMPLEMENTATIONS = YES;
				CLANG_WARN_DIRECT_OBJC_ISA_USAGE = YES_ERROR;
				CLANG_WARN_DOCUMENTATION_COMMENTS = YES;
				CLANG_WARN_EMPTY_BODY = YES;
				CLANG_WARN_ENUM_CONVERSION = YES;
				CLANG_WARN_INFINITE_RECURSION = YES;
				CLANG_WARN_INT_CONVERSION = YES;
				CLANG_WARN_NON_LITERAL_NULL_CONVERSION = YES;
				CLANG_WARN_OBJC_IMPLICIT_RETAIN_SELF = YES;
				CLANG_WARN_OBJC_LITERAL_CONVERSION = YES;
				CLANG_WARN_OBJC_ROOT_CLASS = YES_ERROR;
				CLANG_WARN_QUOTED_INCLUDE_IN_FRAMEWORK_HEADER = YES;
				CLANG_WARN_RANGE_LOOP_ANALYSIS = YES;
				CLANG_WARN_STRICT_PROTOTYPES = YES;
				CLANG_WARN_SUSPICIOUS_MOVE = YES;
				CLANG_WARN_UNGUARDED_AVAILABILITY = YES_AGGRESSIVE;
				CLANG_WARN_UNREACHABLE_CODE = YES;
				CLANG_WARN__DUPLICATE_METHOD_MATCH = YES;
				COPY_PHASE_STRIP = NO;
				DEBUG_INFORMATION_FORMAT = dwarf;
				ENABLE_STRICT_OBJC_MSGSEND = YES;
				ENABLE_TESTABILITY = YES;
				GCC_C_LANGUAGE_STANDARD = gnu11;
				GCC_DYNAMIC_NO_PIC = NO;
				GCC_NO_COMMON_BLOCKS = YES;
				GCC_OPTIMIZATION_LEVEL = 0;
				GCC_PREPROCESSOR_DEFINITIONS = (
					"DEBUG=1",
					"$(inherited)",
				);
				GCC_WARN_64_TO_32_BIT_CONVERSION = YES;
				GCC_WARN_ABOUT_RETURN_TYPE = YES_ERROR;
				GCC_WARN_UNDECLARED_SELECTOR = YES;
				GCC_WARN_UNINITIALIZED_AUTOS = YES_AGGRESSIVE;
				GCC_WARN_UNUSED_FUNCTION = YES;
				GCC_WARN_UNUSED_VARIABLE = YES;
				IPHONEOS_DEPLOYMENT_TARGET = 16.4;
				MTL_ENABLE_DEBUG_INFO = INCLUDE_SOURCE;
				MTL_FAST_MATH = YES;
				ONLY_ACTIVE_ARCH = YES;
				SDKROOT = iphoneos;
				SWIFT_ACTIVE_COMPILATION_CONDITIONS = DEBUG;
				SWIFT_OPTIMIZATION_LEVEL = "-Onone";
			};
			name = Debug;
		};
		F95998FE2AB0155F003F48DD /* Release */ = {
			isa = XCBuildConfiguration;
			buildSettings = {
				ALWAYS_SEARCH_USER_PATHS = NO;
				CLANG_ANALYZER_NONNULL = YES;
				CLANG_ANALYZER_NUMBER_OBJECT_CONVERSION = YES_AGGRESSIVE;
				CLANG_CXX_LANGUAGE_STANDARD = "gnu++20";
				CLANG_ENABLE_MODULES = YES;
				CLANG_ENABLE_OBJC_ARC = YES;
				CLANG_ENABLE_OBJC_WEAK = YES;
				CLANG_WARN_BLOCK_CAPTURE_AUTORELEASING = YES;
				CLANG_WARN_BOOL_CONVERSION = YES;
				CLANG_WARN_COMMA = YES;
				CLANG_WARN_CONSTANT_CONVERSION = YES;
				CLANG_WARN_DEPRECATED_OBJC_IMPLEMENTATIONS = YES;
				CLANG_WARN_DIRECT_OBJC_ISA_USAGE = YES_ERROR;
				CLANG_WARN_DOCUMENTATION_COMMENTS = YES;
				CLANG_WARN_EMPTY_BODY = YES;
				CLANG_WARN_ENUM_CONVERSION = YES;
				CLANG_WARN_INFINITE_RECURSION = YES;
				CLANG_WARN_INT_CONVERSION = YES;
				CLANG_WARN_NON_LITERAL_NULL_CONVERSION = YES;
				CLANG_WARN_OBJC_IMPLICIT_RETAIN_SELF = YES;
				CLANG_WARN_OBJC_LITERAL_CONVERSION = YES;
				CLANG_WARN_OBJC_ROOT_CLASS = YES_ERROR;
				CLANG_WARN_QUOTED_INCLUDE_IN_FRAMEWORK_HEADER = YES;
				CLANG_WARN_RANGE_LOOP_ANALYSIS = YES;
				CLANG_WARN_STRICT_PROTOTYPES = YES;
				CLANG_WARN_SUSPICIOUS_MOVE = YES;
				CLANG_WARN_UNGUARDED_AVAILABILITY = YES_AGGRESSIVE;
				CLANG_WARN_UNREACHABLE_CODE = YES;
				CLANG_WARN__DUPLICATE_METHOD_MATCH = YES;
				COPY_PHASE_STRIP = NO;
				DEBUG_INFORMATION_FORMAT = "dwarf-with-dsym";
				ENABLE_NS_ASSERTIONS = NO;
				ENABLE_STRICT_OBJC_MSGSEND = YES;
				GCC_C_LANGUAGE_STANDARD = gnu11;
				GCC_NO_COMMON_BLOCKS = YES;
				GCC_WARN_64_TO_32_BIT_CONVERSION = YES;
				GCC_WARN_ABOUT_RETURN_TYPE = YES_ERROR;
				GCC_WARN_UNDECLARED_SELECTOR = YES;
				GCC_WARN_UNINITIALIZED_AUTOS = YES_AGGRESSIVE;
				GCC_WARN_UNUSED_FUNCTION = YES;
				GCC_WARN_UNUSED_VARIABLE = YES;
				IPHONEOS_DEPLOYMENT_TARGET = 16.4;
				MTL_ENABLE_DEBUG_INFO = NO;
				MTL_FAST_MATH = YES;
				SDKROOT = iphoneos;
				SWIFT_COMPILATION_MODE = wholemodule;
				SWIFT_OPTIMIZATION_LEVEL = "-O";
				VALIDATE_PRODUCT = YES;
			};
			name = Release;
		};
		F95999002AB0155F003F48DD /* Debug */ = {
			isa = XCBuildConfiguration;
			buildSettings = {
				ASSETCATALOG_COMPILER_APPICON_NAME = AppIcon;
				ASSETCATALOG_COMPILER_GLOBAL_ACCENT_COLOR_NAME = AccentColor;
				CODE_SIGN_STYLE = Automatic;
				CURRENT_PROJECT_VERSION = 1;
				GENERATE_INFOPLIST_FILE = YES;
				INFOPLIST_FILE = ByteCoinPractice/Info.plist;
				INFOPLIST_KEY_UIApplicationSupportsIndirectInputEvents = YES;
				INFOPLIST_KEY_UILaunchStoryboardName = LaunchScreen;
				INFOPLIST_KEY_UIMainStoryboardFile = Main;
				INFOPLIST_KEY_UISupportedInterfaceOrientations = UIInterfaceOrientationPortrait;
				INFOPLIST_KEY_UISupportedInterfaceOrientations_iPad = "UIInterfaceOrientationLandscapeLeft UIInterfaceOrientationLandscapeRight UIInterfaceOrientationPortrait UIInterfaceOrientationPortraitUpsideDown";
				IPHONEOS_DEPLOYMENT_TARGET = 14.1;
				LD_RUNPATH_SEARCH_PATHS = (
					"$(inherited)",
					"@executable_path/Frameworks",
				);
				MARKETING_VERSION = 1.0;
				PRODUCT_BUNDLE_IDENTIFIER = www.na.ByteCoinPractice;
				PRODUCT_NAME = "$(TARGET_NAME)";
				SUPPORTED_PLATFORMS = "iphoneos iphonesimulator";
				SUPPORTS_MACCATALYST = NO;
				SUPPORTS_MAC_DESIGNED_FOR_IPHONE_IPAD = NO;
				SWIFT_EMIT_LOC_STRINGS = YES;
				SWIFT_VERSION = 5.0;
				TARGETED_DEVICE_FAMILY = 1;
			};
			name = Debug;
		};
		F95999012AB0155F003F48DD /* Release */ = {
			isa = XCBuildConfiguration;
			buildSettings = {
				ASSETCATALOG_COMPILER_APPICON_NAME = AppIcon;
				ASSETCATALOG_COMPILER_GLOBAL_ACCENT_COLOR_NAME = AccentColor;
				CODE_SIGN_STYLE = Automatic;
				CURRENT_PROJECT_VERSION = 1;
				GENERATE_INFOPLIST_FILE = YES;
				INFOPLIST_FILE = ByteCoinPractice/Info.plist;
				INFOPLIST_KEY_UIApplicationSupportsIndirectInputEvents = YES;
				INFOPLIST_KEY_UILaunchStoryboardName = LaunchScreen;
				INFOPLIST_KEY_UIMainStoryboardFile = Main;
				INFOPLIST_KEY_UISupportedInterfaceOrientations = UIInterfaceOrientationPortrait;
				INFOPLIST_KEY_UISupportedInterfaceOrientations_iPad = "UIInterfaceOrientationLandscapeLeft UIInterfaceOrientationLandscapeRight UIInterfaceOrientationPortrait UIInterfaceOrientationPortraitUpsideDown";
				IPHONEOS_DEPLOYMENT_TARGET = 14.1;
				LD_RUNPATH_SEARCH_PATHS = (
					"$(inherited)",
					"@executable_path/Frameworks",
				);
				MARKETING_VERSION = 1.0;
				PRODUCT_BUNDLE_IDENTIFIER = www.na.ByteCoinPractice;
				PRODUCT_NAME = "$(TARGET_NAME)";
				SUPPORTED_PLATFORMS = "iphoneos iphonesimulator";
				SUPPORTS_MACCATALYST = NO;
				SUPPORTS_MAC_DESIGNED_FOR_IPHONE_IPAD = NO;
				SWIFT_EMIT_LOC_STRINGS = YES;
				SWIFT_VERSION = 5.0;
				TARGETED_DEVICE_FAMILY = 1;
			};
			name = Release;
		};
/* End XCBuildConfiguration section */

/* Begin XCConfigurationList section */
		F95998E62AB0155E003F48DD /* Build configuration list for PBXProject "ByteCoinPractice" */ = {
			isa = XCConfigurationList;
			buildConfigurations = (
				F95998FD2AB0155F003F48DD /* Debug */,
				F95998FE2AB0155F003F48DD /* Release */,
			);
			defaultConfigurationIsVisible = 0;
			defaultConfigurationName = Release;
		};
		F95998FF2AB0155F003F48DD /* Build configuration list for PBXNativeTarget "ByteCoinPractice" */ = {
			isa = XCConfigurationList;
			buildConfigurations = (
				F95999002AB0155F003F48DD /* Debug */,
				F95999012AB0155F003F48DD /* Release */,
			);
			defaultConfigurationIsVisible = 0;
			defaultConfigurationName = Release;
		};
/* End XCConfigurationList section */
	};
	rootObject = F95998E32AB0155E003F48DD /* Project object */;
}
